
Microsoft Visual Studio Solution File, Format Version 12.00
# Visual Studio Version 17
VisualStudioVersion = 17.14.36705.20 d17.14
MinimumVisualStudioVersion = 10.0.40219.1
Project("{FAE04EC0-301F-11D3-BF4B-00C04F79EFBC}") = "WinForm.UserDefinefunction", "WinForm.UserDefinefunction\WinForm.UserDefinefunction.csproj", "{EB5FC614-D142-4CA7-A8A8-B146D961BDB5}"
EndProject
Global
	GlobalSection(SolutionConfigurationPlatforms) = preSolution
		Debug|Any CPU = Debug|Any CPU
		Release|Any CPU = Release|Any CPU
	EndGlobalSection
	GlobalSection(ProjectConfigurationPlatforms) = postSolution
		{EB5FC614-D142-4CA7-A8A8-B146D961BDB5}.Debug|Any CPU.ActiveCfg = Debug|Any CPU
		{EB5FC614-D142-4CA7-A8A8-B146D961BDB5}.Debug|Any CPU.Build.0 = Debug|Any CPU
		{EB5FC614-D142-4CA7-A8A8-B146D961BDB5}.Release|Any CPU.ActiveCfg = Release|Any CPU
		{EB5FC614-D142-4CA7-A8A8-B146D961BDB5}.Release|Any CPU.Build.0 = Release|Any CPU
	EndGlobalSection
	GlobalSection(SolutionProperties) = preSolution
		HideSolutionNode = FALSE
	EndGlobalSection
	GlobalSection(ExtensibilityGlobals) = postSolution
		SolutionGuid = {1C06347F-8197-4CF6-BD65-EC6572733A50}
	EndGlobalSection
EndGlobal
